PODS:
  - AABlurAlertController (1.2.1)
  - Alamofire (4.7.2)
  - AppImageViewer (1.0.3)
  - ASJExpandableTextView (0.4)
  - AsyncSwift (2.0.4)
  - Avatar (1.0.3)
  - Bolts (1.9.0):
    - Bolts/AppLinks (= 1.9.0)
    - Bolts/Tasks (= 1.9.0)
  - Bolts/AppLinks (1.9.0):
    - Bolts/Tasks
  - Bolts/Tasks (1.9.0)
  - BulletinBoard (1.3.0)
  - Compass (6.0.0)
  - Compose (1.2.3)
  - CRNetworkButton (1.0.2)
  - CRNotifications (1.1.5)
  - DZNEmptyDataSet (1.8.1)
  - FaceAware (1.4.0)
  - FBSDKCoreKit (4.28.0):
    - Bolts (~> 1.7)
  - FBSDKLoginKit (4.28.0):
    - FBSDKCoreKit
  - FBSDKShareKit (4.28.0):
    - FBSDKCoreKit
  - Floaty (4.0.1)
  - FormSheetTextView (1.2.0)
  - Gallery (2.0.6)
  - Hue (3.0.1)
  - HWAlertsPickers (1.0)
  - KJNavigationViewAnimation (0.1.0)
  - KRLCollectionViewGridLayout (1.0.0)
  - LGButton (1.0.5)
  - Material (2.16.0):
    - Material/Core (= 2.16.0)
  - Material/Core (2.16.0):
    - Motion (~> 1.4.2)
  - Motion (1.4.2):
    - Motion/Core (= 1.4.2)
  - Motion/Core (1.4.2)
  - Nominatim (0.9.2)
  - ObjectMapper (3.3.0)
  - Parse (1.17.1):
    - Parse/Core (= 1.17.1)
  - Parse/Core (1.17.1):
    - Bolts/Tasks (~> 1.9)
  - Parse/FacebookUtils (1.17.1):
    - FBSDKCoreKit (~> 4.28.0)
    - FBSDKLoginKit (~> 4.28.0)
    - FBSDKShareKit (~> 4.28.0)
    - FBSDKTVOSKit (~> 4.28.0)
    - Parse/Core
  - Parse/UI (1.17.1):
    - Parse/Core
  - PromiseKit (6.5.2):
    - PromiseKit/CorePromise (= 6.5.2)
    - PromiseKit/Foundation (= 6.5.2)
    - PromiseKit/UIKit (= 6.5.2)
  - PromiseKit/CorePromise (6.5.2)
  - PromiseKit/Foundation (6.5.2):
    - PromiseKit/CorePromise
  - PromiseKit/UIKit (6.5.2):
    - PromiseKit/CorePromise
  - RAReorderableLayout (0.6.1)
  - ReachabilitySwift (4.3.0)
  - RMGradientView (0.1.4)
  - SDWebImage (4.4.1):
    - SDWebImage/Core (= 4.4.1)
  - SDWebImage/Core (4.4.1)
  - Sparrow/Core (1.1.0)
  - Sparrow/Modules/RequestPermission (1.1.0):
    - Sparrow/Core
  - SVProgressHUD (2.2.5)
  - SwiftDate (5.0.9)
  - SwiftMailgun (1.0.1):
    - Alamofire
    - ObjectMapper
  - SwiftMessages (6.0.0):
    - SwiftMessages/App (= 6.0.0)
  - SwiftMessages/App (6.0.0)
  - SwiftMultiSelect (0.2.4)
  - TLPhotoPicker (1.3.9)
  - TPKeyboardAvoiding (1.3.2)
  - Zingle (1.3.0)
  - ZKCarousel (0.1.5)

DEPENDENCIES:
  - AABlurAlertController (~> 1.2)
  - Alamofire (~> 4.7)
  - AppImageViewer
  - ASJExpandableTextView (~> 0.4)
  - AsyncSwift
  - Avatar
  - Bolts (~> 1.9)
  - BulletinBoard (~> 1.3.0)
  - Compass
  - Compose (~> 1.2)
  - CRNetworkButton (~> 1.0)
  - CRNotifications
  - DZNEmptyDataSet
  - FaceAware (from `https://github.com/BeauNouvelle/FaceAware.git`)
  - FBSDKCoreKit (~> 4)
  - FBSDKLoginKit (~> 4)
  - FBSDKShareKit (~> 4)
  - Floaty (~> 4.0.0)
  - FormSheetTextView (~> 1.0)
  - Gallery (from `https://github.com/hyperoslo/Gallery.git`, branch `master`)
  - Hue (~> 3.0)
  - HWAlertsPickers (from `https://github.com/rico237/Alerts-Pickers.git`)
  - KJNavigationViewAnimation (from `https://github.com/KiranJasvanee/KJNavigationViewAnimation.git`)
  - KRLCollectionViewGridLayout (~> 1.0)
  - LGButton (~> 1.0)
  - Material (~> 2.0)
  - Nominatim
  - Parse (~> 1.16)
  - Parse/FacebookUtils (~> 1.11)
  - Parse/UI
  - PromiseKit (~> 6.0)
  - RAReorderableLayout (~> 0.6)
  - ReachabilitySwift
  - RMGradientView (from `https://github.com/sleepwalkerfx/RMGradientView.git`)
  - SDWebImage (~> 4.0)
  - Sparrow/Modules/RequestPermission (from `https://github.com/IvanVorobei/Sparrow.git`)
  - SVProgressHUD (~> 2.1)
  - SwiftDate (~> 5.0)
  - SwiftMailgun (~> 1.0)
  - SwiftMessages
  - SwiftMultiSelect (from `https://github.com/rico237/SwiftMultiSelect.git`)
  - TLPhotoPicker (~> 1.3.4)
  - TPKeyboardAvoiding (from `https://github.com/michaeltyson/TPKeyboardAvoiding.git`)
  - Zingle (from `https://github.com/hemangshah/Zingle.git`)
  - ZKCarousel (~> 0.1)

SPEC REPOS:
  https://github.com/cocoapods/specs.git:
    - AABlurAlertController
    - Alamofire
    - AppImageViewer
    - ASJExpandableTextView
    - AsyncSwift
    - Avatar
    - Bolts
    - BulletinBoard
    - Compass
    - Compose
    - CRNetworkButton
    - CRNotifications
    - DZNEmptyDataSet
    - FBSDKCoreKit
    - FBSDKLoginKit
    - FBSDKShareKit
    - Floaty
    - FormSheetTextView
    - Hue
    - KRLCollectionViewGridLayout
    - LGButton
    - Material
    - Motion
    - Nominatim
    - ObjectMapper
    - Parse
    - PromiseKit
    - RAReorderableLayout
    - ReachabilitySwift
    - SDWebImage
    - SVProgressHUD
    - SwiftDate
    - SwiftMailgun
    - SwiftMessages
    - TLPhotoPicker
    - ZKCarousel

EXTERNAL SOURCES:
  FaceAware:
    :git: https://github.com/BeauNouvelle/FaceAware.git
  Gallery:
    :branch: master
    :git: https://github.com/hyperoslo/Gallery.git
  HWAlertsPickers:
    :git: https://github.com/rico237/Alerts-Pickers.git
  KJNavigationViewAnimation:
    :git: https://github.com/KiranJasvanee/KJNavigationViewAnimation.git
  RMGradientView:
    :git: https://github.com/sleepwalkerfx/RMGradientView.git
  Sparrow:
    :git: https://github.com/IvanVorobei/Sparrow.git
  SwiftMultiSelect:
    :git: https://github.com/rico237/SwiftMultiSelect.git
  TPKeyboardAvoiding:
    :git: https://github.com/michaeltyson/TPKeyboardAvoiding.git
  Zingle:
    :git: https://github.com/hemangshah/Zingle.git

CHECKOUT OPTIONS:
  FaceAware:
    :commit: 35f8ceb0e68c1c00fe4809d124be27db9296fafe
    :git: https://github.com/BeauNouvelle/FaceAware.git
  Gallery:
    :commit: bf4d1afe75adadd4da75d963bb84db925eee12f7
    :git: https://github.com/hyperoslo/Gallery.git
  HWAlertsPickers:
    :commit: 021e64dd6cfe1bb663d01d3dc8c0a4a9f68dacda
    :git: https://github.com/rico237/Alerts-Pickers.git
  KJNavigationViewAnimation:
    :commit: 9d0fae33aee97af8579dd0f0ff4d8dcf0509bed9
    :git: https://github.com/KiranJasvanee/KJNavigationViewAnimation.git
  RMGradientView:
    :commit: 20a0c23032ae3fb5e3ba0f3a61898946fce370ad
    :git: https://github.com/sleepwalkerfx/RMGradientView.git
  Sparrow:
    :commit: d3becbdd5dbc982a53a461188ea35b818342a9ed
    :git: https://github.com/IvanVorobei/Sparrow.git
  SwiftMultiSelect:
    :commit: a0eea8ebef5a7bb2e277eda91d938289fc763e23
    :git: https://github.com/rico237/SwiftMultiSelect.git
  TPKeyboardAvoiding:
    :commit: 8821c7ed0e29c87e30ba93c11dacb138bd17dae4
    :git: https://github.com/michaeltyson/TPKeyboardAvoiding.git
  Zingle:
    :commit: d95ea29689dd0eff6729f5520aca93ad5f9d671e
    :git: https://github.com/hemangshah/Zingle.git

SPEC CHECKSUMS:
  AABlurAlertController: 7463fc59d9906e07040439d2bc80c56f313a3fa4
  Alamofire: e4fa87002c137ba2d8d634d2c51fabcda0d5c223
  AppImageViewer: 57330743b4c8b007ab05ad2e57cdaac931c951ab
  ASJExpandableTextView: bfc429e37d4835e628127d3aa09a5e6971e9bfe4
  AsyncSwift: 65775a7b32e740609b24969ece3de58723b9dc3e
  Avatar: 1d905503a7977e6084714208bb4aef6c0695bd99
  Bolts: ac6567323eac61e203f6a9763667d0f711be34c8
  BulletinBoard: 23c9d98cac654fd484d76f2a0655669974e9bd9c
  Compass: ff30e2056c549ea5cb5b8a307d28ef628e4209ff
  Compose: e76de3b7b59bac4f133e360cb639307ddd7cf0cc
  CRNetworkButton: 2bfe150c64a46506ade962745a3364f21bef3115
  CRNotifications: 38bd824eea18b77d818e7a317253d2b475f6a241
  DZNEmptyDataSet: 9525833b9e68ac21c30253e1d3d7076cc828eaa7
  FaceAware: 94410295a219c4a397ce525eab0063d6b17258aa
  FBSDKCoreKit: ca961e279113f691fd83dc634c0bbad9d4e3f370
  FBSDKLoginKit: b077381c27d800f21661757e8140cf2c80a91e4a
  FBSDKShareKit: 4f525556e0df4cf0f574cb3f01c675434f29d477
  Floaty: 82854e1a5ef4fa208281ebd4da2f3d1e51ba67a6
  FormSheetTextView: bc8e4cdc19a00e79ebca652731c3866786de6dd1
  Gallery: f75c3faefcb5da2cae2150ce3db29fcfbeed8b0f
  Hue: 93e852fa6211ab35922ad8c293f51c43d6c79eb2
  HWAlertsPickers: a1b97ae8d2d9bac780fad7808f67836eaf0113f4
  KJNavigationViewAnimation: dba3a3b499bf708151b12c314fc3414759f7353e
  KRLCollectionViewGridLayout: 147113b086d446d50b5b8aa907a1c2bc19e89836
  LGButton: 707ce916eb80b73a6c4688df34bee11adbafb663
  Material: 6a85db48e092012f98704eb085852124f64b07af
  Motion: 93605fd4dffe44203b56949eb0bc73a9521af7b6
  Nominatim: 2083a9f3073c4f738c1e6669e3f3381494072cb7
  ObjectMapper: b612bf8c8e99c4dc0bb6013a51f7c27966ed5da9
  Parse: d3edaf8c7c722cb33cb83ba7821d015ae32d362d
  PromiseKit: 27c1601bfb73405871b805bcb8cf7e55c4dad3db
  RAReorderableLayout: 5b6b87dd4022ee1747fd475623b14f5df940f754
  ReachabilitySwift: 408477d1b6ed9779dba301953171e017c31241f3
  RMGradientView: 35237e7f233ce96f31074c9b119eb3320e2022ff
  SDWebImage: 47e9b5b925cbce75946c23f0c42dd19464189af4
  Sparrow: 86b8f0d7598dc52ff2b06bb1df05feb297d1821f
  SVProgressHUD: 1428aafac632c1f86f62aa4243ec12008d7a51d6
  SwiftDate: 52b718d32ec006861a2be2756cbfa482d438e781
  SwiftMailgun: 311a28057e0ced2dbcfbc8320e4aa282511877d2
  SwiftMessages: da7c981256a65b3e58022d9027a36584cf4eccf5
  SwiftMultiSelect: 31292d809c967d8924113c7bf02301e1c84ec43f
  TLPhotoPicker: df8fc48fb85466680d2a41de8ab78f94b249e151
  TPKeyboardAvoiding: cb69d5ddbe90ce0170e4bc2db1e5e41d4a3ad9a4
  Zingle: 9e56c95fd75956333aec44c68b667b3afc62b551
  ZKCarousel: e05ed07901a4732949fae62b84ef0e4a58cf74cb

PODFILE CHECKSUM: 1a38a1039c4e9e3c3e35c8124ee88081945ec4fc

COCOAPODS: 1.5.3
