// !$*UTF8*$!
{
	archiveVersion = 1;
	classes = {
	};
	objectVersion = 46;
	objects = {

/* Begin PBXBuildFile section */
		1F0477772141BA7300B20CA5 /* ChoixTarifsVC.swift in Sources */ = {isa = PBXBuildFile; fileRef = 1F0477762141BA7300B20CA5 /* ChoixTarifsVC.swift */; };
		1F04777A214407C400B20CA5 /* PaymentCell.swift in Sources */ = {isa = PBXBuildFile; fileRef = 1F047778214407C400B20CA5 /* PaymentCell.swift */; };
		1F04777B214407C400B20CA5 /* PaymentCell.xib in Resources */ = {isa = PBXBuildFile; fileRef = 1F047779214407C400B20CA5 /* PaymentCell.xib */; };
		1F04777D214407DE00B20CA5 /* XibView.swift in Sources */ = {isa = PBXBuildFile; fileRef = 1F04777C214407DE00B20CA5 /* XibView.swift */; };
		1F04777F21440E7000B20CA5 /* ChoixTarifsTBVCTableViewController.swift in Sources */ = {isa = PBXBuildFile; fileRef = 1F04777E21440E7000B20CA5 /* ChoixTarifsTBVCTableViewController.swift */; };
		1F071A3520DEFEB5007AE1ED /* Commerce.swift in Sources */ = {isa = PBXBuildFile; fileRef = 1F071A3420DEFEB5007AE1ED /* Commerce.swift */; };
		1F08570A1F2D8D8300932929 /* DetailCommerceViewController.swift in Sources */ = {isa = PBXBuildFile; fileRef = 1F0857091F2D8D8200932929 /* DetailCommerceViewController.swift */; };
		1F08570C1F2D960400932929 /* Pacifico.ttf in Resources */ = {isa = PBXBuildFile; fileRef = 1F08570B1F2D960400932929 /* Pacifico.ttf */; };
		1F08570E1F2D977600932929 /* UserLocation.gpx in Resources */ = {isa = PBXBuildFile; fileRef = 1F08570D1F2D977600932929 /* UserLocation.gpx */; };
		1F0BBCA61FAE4C3700D91026 /* AjoutCommerceVC.swift in Sources */ = {isa = PBXBuildFile; fileRef = 1F0BBCA51FAE4C3700D91026 /* AjoutCommerceVC.swift */; };
		1F0E0B7A212468420048D95B /* InAppPurchaseHandler.swift in Sources */ = {isa = PBXBuildFile; fileRef = 1F0E0B79212468420048D95B /* InAppPurchaseHandler.swift */; };
		1F0E0B7E212482590048D95B /* ChoixAbonnmentsVC.swift in Sources */ = {isa = PBXBuildFile; fileRef = 1F0E0B7D212482590048D95B /* ChoixAbonnmentsVC.swift */; };
		1F1112A01F72BB9E001D0C61 /* SaisieDeDonneesVC.swift in Sources */ = {isa = PBXBuildFile; fileRef = 1F11129F1F72BB9E001D0C61 /* SaisieDeDonneesVC.swift */; };
		1F236C6F204F780D00571EA7 /* AccueilCollectionViewCell.swift in Sources */ = {isa = PBXBuildFile; fileRef = 1F236C6D204F780D00571EA7 /* AccueilCollectionViewCell.swift */; };
		1F236C70204F780D00571EA7 /* AccueilCollectionViewCell.xib in Resources */ = {isa = PBXBuildFile; fileRef = 1F236C6E204F780D00571EA7 /* AccueilCollectionViewCell.xib */; };
		1F27628F2116E7EA00779342 /* Routers.swift in Sources */ = {isa = PBXBuildFile; fileRef = 1F27628E2116E7EA00779342 /* Routers.swift */; };
		1F2C05112132F564002B86AB /* PaymentCollectionViewCell.swift in Sources */ = {isa = PBXBuildFile; fileRef = 1F2C05102132F564002B86AB /* PaymentCollectionViewCell.swift */; };
		1F392F791FB9E88C0021D76E /* SelectionCategorieTVCell.swift in Sources */ = {isa = PBXBuildFile; fileRef = 1F392F781FB9E88C0021D76E /* SelectionCategorieTVCell.swift */; };
		1F392F7B1FBA00050021D76E /* DescriptionAndPromotionsTVCell.swift in Sources */ = {isa = PBXBuildFile; fileRef = 1F392F7A1FBA00050021D76E /* DescriptionAndPromotionsTVCell.swift */; };
		1F3E8ECC1F2E427300565356 /* SystemConfiguration.framework in Frameworks */ = {isa = PBXBuildFile; fileRef = 1FA9BFEA1F269E26004D5F4C /* SystemConfiguration.framework */; settings = {ATTRIBUTES = (Required, ); }; };
		1F403B0A1F9B9B2D00884E52 /* MonCompteVC.swift in Sources */ = {isa = PBXBuildFile; fileRef = 1F403B091F9B9B2D00884E52 /* MonCompteVC.swift */; };
		1F4D4310202AC4D40089FB15 /* ImageScroller.swift in Sources */ = {isa = PBXBuildFile; fileRef = 1F4D430F202AC4D40089FB15 /* ImageScroller.swift */; };
		1F4D4312202AC4E10089FB15 /* ShadowView.swift in Sources */ = {isa = PBXBuildFile; fileRef = 1F4D4311202AC4E10089FB15 /* ShadowView.swift */; };
		1F5681E81F2B4F7900B1BAC8 /* CardView.swift in Sources */ = {isa = PBXBuildFile; fileRef = 1F5681E71F2B4F7900B1BAC8 /* CardView.swift */; };
		1F5AD2F61FAF898C0048FFE2 /* NouveauCommerceCell.swift in Sources */ = {isa = PBXBuildFile; fileRef = 1F5AD2F51FAF898C0048FFE2 /* NouveauCommerceCell.swift */; };
		1F5DE54C1FAFCEEB000C4E57 /* AjoutPhotoTVC.swift in Sources */ = {isa = PBXBuildFile; fileRef = 1F5DE54B1FAFCEEB000C4E57 /* AjoutPhotoTVC.swift */; };
		1F5DE54E1FB10AE0000C4E57 /* PhotoCell.swift in Sources */ = {isa = PBXBuildFile; fileRef = 1F5DE54D1FB10AE0000C4E57 /* PhotoCell.swift */; };
		1F5E931B204724E4009AACA1 /* GridFlowLayout.swift in Sources */ = {isa = PBXBuildFile; fileRef = 1F5E931A204724E4009AACA1 /* GridFlowLayout.swift */; };
		1F6C1C581F6E08750075584E /* ProcessInscriptionVC.swift in Sources */ = {isa = PBXBuildFile; fileRef = 1F6C1C571F6E08750075584E /* ProcessInscriptionVC.swift */; };
		1F7331D42052702400582A7B /* DetailGalleryVC.swift in Sources */ = {isa = PBXBuildFile; fileRef = 1F7331D32052702400582A7B /* DetailGalleryVC.swift */; };
		1F7331DB2052BA4300582A7B /* PhotosVideosCollectionCell.swift in Sources */ = {isa = PBXBuildFile; fileRef = 1F7331D92052BA4300582A7B /* PhotosVideosCollectionCell.swift */; };
		1F7331DC2052BA4300582A7B /* PhotosVideosCollectionCell.xib in Resources */ = {isa = PBXBuildFile; fileRef = 1F7331DA2052BA4300582A7B /* PhotosVideosCollectionCell.xib */; };
		1F744EB21F9023EE00B892FD /* UserAccount.swift in Sources */ = {isa = PBXBuildFile; fileRef = 1F744EB11F9023EE00B892FD /* UserAccount.swift */; };
		1F7DF88A1F21ED3E005B780A /* AccueilCommerces.swift in Sources */ = {isa = PBXBuildFile; fileRef = 1F7DF8891F21ED3E005B780A /* AccueilCommerces.swift */; };
		1F7DF88C1F21F26E005B780A /* HelperAndKeys.swift in Sources */ = {isa = PBXBuildFile; fileRef = 1F7DF88B1F21F26E005B780A /* HelperAndKeys.swift */; };
		1F7F9B19213C43050025BC42 /* WeeClikProducts.swift in Sources */ = {isa = PBXBuildFile; fileRef = 1F7F9B18213C43050025BC42 /* WeeClikProducts.swift */; };
		1F8C4FFE1FB50C3100A28214 /* VideoCell.swift in Sources */ = {isa = PBXBuildFile; fileRef = 1F8C4FFD1FB50C3100A28214 /* VideoCell.swift */; };
		1F9AA80E1F99697900D56AC5 /* FormTextField.swift in Sources */ = {isa = PBXBuildFile; fileRef = 1F9AA80D1F99697900D56AC5 /* FormTextField.swift */; };
		1FA4732E1F1EE7E400D2A306 /* AppDelegate.swift in Sources */ = {isa = PBXBuildFile; fileRef = 1FA4732D1F1EE7E400D2A306 /* AppDelegate.swift */; };
		1FA473331F1EE7E400D2A306 /* Main.storyboard in Resources */ = {isa = PBXBuildFile; fileRef = 1FA473311F1EE7E400D2A306 /* Main.storyboard */; };
		1FA473351F1EE7E400D2A306 /* Assets.xcassets in Resources */ = {isa = PBXBuildFile; fileRef = 1FA473341F1EE7E400D2A306 /* Assets.xcassets */; };
		1FA473381F1EE7E400D2A306 /* LaunchScreen.storyboard in Resources */ = {isa = PBXBuildFile; fileRef = 1FA473361F1EE7E400D2A306 /* LaunchScreen.storyboard */; };
		1FA53BBE1F34F78B00DEDEA1 /* InformationGeneralCell.swift in Sources */ = {isa = PBXBuildFile; fileRef = 1FA53BBD1F34F78B00DEDEA1 /* InformationGeneralCell.swift */; };
		1FA53BC01F34F7AB00DEDEA1 /* PromotionsCell.swift in Sources */ = {isa = PBXBuildFile; fileRef = 1FA53BBF1F34F7AB00DEDEA1 /* PromotionsCell.swift */; };
		1FA53BC21F34F7BC00DEDEA1 /* DescriptionCell.swift in Sources */ = {isa = PBXBuildFile; fileRef = 1FA53BC11F34F7BC00DEDEA1 /* DescriptionCell.swift */; };
		1FA9BFE01F269CB2004D5F4C /* OpenSans-Bold.ttf in Resources */ = {isa = PBXBuildFile; fileRef = 1FA9BFD61F269CB2004D5F4C /* OpenSans-Bold.ttf */; };
		1FA9BFE11F269CB2004D5F4C /* OpenSans-BoldItalic.ttf in Resources */ = {isa = PBXBuildFile; fileRef = 1FA9BFD71F269CB2004D5F4C /* OpenSans-BoldItalic.ttf */; };
		1FA9BFE21F269CB2004D5F4C /* OpenSans-ExtraBold.ttf in Resources */ = {isa = PBXBuildFile; fileRef = 1FA9BFD81F269CB2004D5F4C /* OpenSans-ExtraBold.ttf */; };
		1FA9BFE31F269CB2004D5F4C /* OpenSans-ExtraBoldItalic.ttf in Resources */ = {isa = PBXBuildFile; fileRef = 1FA9BFD91F269CB2004D5F4C /* OpenSans-ExtraBoldItalic.ttf */; };
		1FA9BFE41F269CB2004D5F4C /* OpenSans-Italic.ttf in Resources */ = {isa = PBXBuildFile; fileRef = 1FA9BFDA1F269CB2004D5F4C /* OpenSans-Italic.ttf */; };
		1FA9BFE51F269CB2004D5F4C /* OpenSans-Light.ttf in Resources */ = {isa = PBXBuildFile; fileRef = 1FA9BFDB1F269CB2004D5F4C /* OpenSans-Light.ttf */; };
		1FA9BFE61F269CB2004D5F4C /* OpenSans-LightItalic.ttf in Resources */ = {isa = PBXBuildFile; fileRef = 1FA9BFDC1F269CB2004D5F4C /* OpenSans-LightItalic.ttf */; };
		1FA9BFE71F269CB2004D5F4C /* OpenSans-Regular.ttf in Resources */ = {isa = PBXBuildFile; fileRef = 1FA9BFDD1F269CB2004D5F4C /* OpenSans-Regular.ttf */; };
		1FA9BFE81F269CB2004D5F4C /* OpenSans-Semibold.ttf in Resources */ = {isa = PBXBuildFile; fileRef = 1FA9BFDE1F269CB2004D5F4C /* OpenSans-Semibold.ttf */; };
		1FA9BFE91F269CB2004D5F4C /* OpenSans-SemiboldItalic.ttf in Resources */ = {isa = PBXBuildFile; fileRef = 1FA9BFDF1F269CB2004D5F4C /* OpenSans-SemiboldItalic.ttf */; };
		1FA9BFED1F269E51004D5F4C /* MobileCoreServices.framework in Frameworks */ = {isa = PBXBuildFile; fileRef = 1FA9BFEC1F269E51004D5F4C /* MobileCoreServices.framework */; settings = {ATTRIBUTES = (Required, ); }; };
		1FBB63A5211F16BD00BCB480 /* StoreKit.framework in Frameworks */ = {isa = PBXBuildFile; fileRef = 1FBB63A4211F16BD00BCB480 /* StoreKit.framework */; };
		1FCDF66E2117592B00B605BC /* ParseUploadPhotosAndVideos.swift in Sources */ = {isa = PBXBuildFile; fileRef = 1FCDF66D2117592B00B605BC /* ParseUploadPhotosAndVideos.swift */; };
		1FCE0162209F20C20040F988 /* GoogleService-Info.plist in Resources */ = {isa = PBXBuildFile; fileRef = 1FCE0161209F20C20040F988 /* GoogleService-Info.plist */; };
		1FCED3931FABA78700392060 /* ChangeInfosVC.swift in Sources */ = {isa = PBXBuildFile; fileRef = 1FCED3921FABA78700392060 /* ChangeInfosVC.swift */; };
		1FCED3951FABA9A200392060 /* MotDePasseVC.swift in Sources */ = {isa = PBXBuildFile; fileRef = 1FCED3941FABA9A200392060 /* MotDePasseVC.swift */; };
		1FD6F56B20728F0300EC9DF3 /* GeoHelper.swift in Sources */ = {isa = PBXBuildFile; fileRef = 1FD6F56A20728F0300EC9DF3 /* GeoHelper.swift */; };
		1FD6F56D20729A5100EC9DF3 /* Extensions.swift in Sources */ = {isa = PBXBuildFile; fileRef = 1FD6F56C20729A5100EC9DF3 /* Extensions.swift */; };
		1FD9BED621136D44008AA1FC /* BackendDetailCommerceVC.swift in Sources */ = {isa = PBXBuildFile; fileRef = 1FD9BED521136D44008AA1FC /* BackendDetailCommerceVC.swift */; };
		1FDDB8972118B40A00B7EC33 /* PaymentTableViewCell.swift in Sources */ = {isa = PBXBuildFile; fileRef = 1FDDB8962118B40A00B7EC33 /* PaymentTableViewCell.swift */; };
		1FEBF4621F254F3D00146525 /* BebasNeue Bold.ttf in Resources */ = {isa = PBXBuildFile; fileRef = 1FEBF45D1F254F3D00146525 /* BebasNeue Bold.ttf */; };
		1FEBF4631F254F3D00146525 /* BebasNeue Book.ttf in Resources */ = {isa = PBXBuildFile; fileRef = 1FEBF45E1F254F3D00146525 /* BebasNeue Book.ttf */; };
		1FEBF4641F254F3D00146525 /* BebasNeue Light.ttf in Resources */ = {isa = PBXBuildFile; fileRef = 1FEBF45F1F254F3D00146525 /* BebasNeue Light.ttf */; };
		1FEBF4651F254F3D00146525 /* BebasNeue Regular.ttf in Resources */ = {isa = PBXBuildFile; fileRef = 1FEBF4601F254F3D00146525 /* BebasNeue Regular.ttf */; };
		1FEBF4661F254F3D00146525 /* BebasNeue Thin.ttf in Resources */ = {isa = PBXBuildFile; fileRef = 1FEBF4611F254F3D00146525 /* BebasNeue Thin.ttf */; };
		1FEE37491F911A5B00E1D1A7 /* BulletinDataSource.swift in Sources */ = {isa = PBXBuildFile; fileRef = 1FEE37451F9118AF00E1D1A7 /* BulletinDataSource.swift */; };
		788E3A22531FFFF44C80E285 /* Pods_WeeClik.framework in Frameworks */ = {isa = PBXBuildFile; fileRef = C3DFC488946196A9030F0213 /* Pods_WeeClik.framework */; };
/* End PBXBuildFile section */

/* Begin PBXCopyFilesBuildPhase section */
		1F7ADB1620DEF4B900916AB8 /* Embed Frameworks */ = {
			isa = PBXCopyFilesBuildPhase;
			buildActionMask = 2147483647;
			dstPath = "";
			dstSubfolderSpec = 10;
			files = (
			);
			name = "Embed Frameworks";
			runOnlyForDeploymentPostprocessing = 0;
		};
/* End PBXCopyFilesBuildPhase section */

/* Begin PBXFileReference section */
		1F0477762141BA7300B20CA5 /* ChoixTarifsVC.swift */ = {isa = PBXFileReference; lastKnownFileType = sourcecode.swift; path = ChoixTarifsVC.swift; sourceTree = "<group>"; };
		1F047778214407C400B20CA5 /* PaymentCell.swift */ = {isa = PBXFileReference; lastKnownFileType = sourcecode.swift; path = PaymentCell.swift; sourceTree = "<group>"; };
		1F047779214407C400B20CA5 /* PaymentCell.xib */ = {isa = PBXFileReference; lastKnownFileType = file.xib; path = PaymentCell.xib; sourceTree = "<group>"; };
		1F04777C214407DE00B20CA5 /* XibView.swift */ = {isa = PBXFileReference; lastKnownFileType = sourcecode.swift; path = XibView.swift; sourceTree = "<group>"; };
		1F04777E21440E7000B20CA5 /* ChoixTarifsTBVCTableViewController.swift */ = {isa = PBXFileReference; lastKnownFileType = sourcecode.swift; path = ChoixTarifsTBVCTableViewController.swift; sourceTree = "<group>"; };
		1F071A3420DEFEB5007AE1ED /* Commerce.swift */ = {isa = PBXFileReference; fileEncoding = 4; lastKnownFileType = sourcecode.swift; path = Commerce.swift; sourceTree = "<group>"; };
		1F0857091F2D8D8200932929 /* DetailCommerceViewController.swift */ = {isa = PBXFileReference; fileEncoding = 4; lastKnownFileType = sourcecode.swift; path = DetailCommerceViewController.swift; sourceTree = "<group>"; };
		1F08570B1F2D960400932929 /* Pacifico.ttf */ = {isa = PBXFileReference; lastKnownFileType = file; path = Pacifico.ttf; sourceTree = "<group>"; };
		1F08570D1F2D977600932929 /* UserLocation.gpx */ = {isa = PBXFileReference; fileEncoding = 4; lastKnownFileType = text.xml; path = UserLocation.gpx; sourceTree = "<group>"; };
		1F0BBCA51FAE4C3700D91026 /* AjoutCommerceVC.swift */ = {isa = PBXFileReference; lastKnownFileType = sourcecode.swift; path = AjoutCommerceVC.swift; sourceTree = "<group>"; };
		1F0E0B79212468420048D95B /* InAppPurchaseHandler.swift */ = {isa = PBXFileReference; lastKnownFileType = sourcecode.swift; path = InAppPurchaseHandler.swift; sourceTree = "<group>"; };
		1F0E0B7D212482590048D95B /* ChoixAbonnmentsVC.swift */ = {isa = PBXFileReference; lastKnownFileType = sourcecode.swift; path = ChoixAbonnmentsVC.swift; sourceTree = "<group>"; };
		1F11129F1F72BB9E001D0C61 /* SaisieDeDonneesVC.swift */ = {isa = PBXFileReference; fileEncoding = 4; lastKnownFileType = sourcecode.swift; path = SaisieDeDonneesVC.swift; sourceTree = "<group>"; };
		1F236C6D204F780D00571EA7 /* AccueilCollectionViewCell.swift */ = {isa = PBXFileReference; lastKnownFileType = sourcecode.swift; path = AccueilCollectionViewCell.swift; sourceTree = "<group>"; };
		1F236C6E204F780D00571EA7 /* AccueilCollectionViewCell.xib */ = {isa = PBXFileReference; lastKnownFileType = file.xib; path = AccueilCollectionViewCell.xib; sourceTree = "<group>"; };
		1F27628E2116E7EA00779342 /* Routers.swift */ = {isa = PBXFileReference; lastKnownFileType = sourcecode.swift; path = Routers.swift; sourceTree = "<group>"; };
		1F2C05102132F564002B86AB /* PaymentCollectionViewCell.swift */ = {isa = PBXFileReference; lastKnownFileType = sourcecode.swift; path = PaymentCollectionViewCell.swift; sourceTree = "<group>"; };
		1F392F781FB9E88C0021D76E /* SelectionCategorieTVCell.swift */ = {isa = PBXFileReference; lastKnownFileType = sourcecode.swift; path = SelectionCategorieTVCell.swift; sourceTree = "<group>"; };
		1F392F7A1FBA00050021D76E /* DescriptionAndPromotionsTVCell.swift */ = {isa = PBXFileReference; lastKnownFileType = sourcecode.swift; path = DescriptionAndPromotionsTVCell.swift; sourceTree = "<group>"; };
		1F403B091F9B9B2D00884E52 /* MonCompteVC.swift */ = {isa = PBXFileReference; lastKnownFileType = sourcecode.swift; path = MonCompteVC.swift; sourceTree = "<group>"; };
		1F4D430F202AC4D40089FB15 /* ImageScroller.swift */ = {isa = PBXFileReference; fileEncoding = 4; lastKnownFileType = sourcecode.swift; path = ImageScroller.swift; sourceTree = "<group>"; };
		1F4D4311202AC4E10089FB15 /* ShadowView.swift */ = {isa = PBXFileReference; fileEncoding = 4; lastKnownFileType = sourcecode.swift; path = ShadowView.swift; sourceTree = "<group>"; };
		1F5681E71F2B4F7900B1BAC8 /* CardView.swift */ = {isa = PBXFileReference; fileEncoding = 4; lastKnownFileType = sourcecode.swift; path = CardView.swift; sourceTree = "<group>"; };
		1F5AD2F51FAF898C0048FFE2 /* NouveauCommerceCell.swift */ = {isa = PBXFileReference; lastKnownFileType = sourcecode.swift; path = NouveauCommerceCell.swift; sourceTree = "<group>"; };
		1F5CCDFA1FC892D200C86446 /* fr */ = {isa = PBXFileReference; lastKnownFileType = text.plist.strings; name = fr; path = fr.lproj/LaunchScreen.strings; sourceTree = "<group>"; };
		1F5CCDFC1FC8937F00C86446 /* fr */ = {isa = PBXFileReference; lastKnownFileType = text.plist.strings; name = fr; path = fr.lproj/Main.strings; sourceTree = "<group>"; };
		1F5DE54B1FAFCEEB000C4E57 /* AjoutPhotoTVC.swift */ = {isa = PBXFileReference; lastKnownFileType = sourcecode.swift; path = AjoutPhotoTVC.swift; sourceTree = "<group>"; };
		1F5DE54D1FB10AE0000C4E57 /* PhotoCell.swift */ = {isa = PBXFileReference; lastKnownFileType = sourcecode.swift; path = PhotoCell.swift; sourceTree = "<group>"; };
		1F5E931A204724E4009AACA1 /* GridFlowLayout.swift */ = {isa = PBXFileReference; lastKnownFileType = sourcecode.swift; path = GridFlowLayout.swift; sourceTree = "<group>"; };
		1F6C1C571F6E08750075584E /* ProcessInscriptionVC.swift */ = {isa = PBXFileReference; fileEncoding = 4; lastKnownFileType = sourcecode.swift; path = ProcessInscriptionVC.swift; sourceTree = "<group>"; };
		1F7331D32052702400582A7B /* DetailGalleryVC.swift */ = {isa = PBXFileReference; lastKnownFileType = sourcecode.swift; path = DetailGalleryVC.swift; sourceTree = "<group>"; };
		1F7331D92052BA4300582A7B /* PhotosVideosCollectionCell.swift */ = {isa = PBXFileReference; lastKnownFileType = sourcecode.swift; path = PhotosVideosCollectionCell.swift; sourceTree = "<group>"; };
		1F7331DA2052BA4300582A7B /* PhotosVideosCollectionCell.xib */ = {isa = PBXFileReference; lastKnownFileType = file.xib; path = PhotosVideosCollectionCell.xib; sourceTree = "<group>"; };
		1F744EB11F9023EE00B892FD /* UserAccount.swift */ = {isa = PBXFileReference; lastKnownFileType = sourcecode.swift; path = UserAccount.swift; sourceTree = "<group>"; };
		1F7DF8891F21ED3E005B780A /* AccueilCommerces.swift */ = {isa = PBXFileReference; fileEncoding = 4; lastKnownFileType = sourcecode.swift; path = AccueilCommerces.swift; sourceTree = "<group>"; };
		1F7DF88B1F21F26E005B780A /* HelperAndKeys.swift */ = {isa = PBXFileReference; fileEncoding = 4; lastKnownFileType = sourcecode.swift; path = HelperAndKeys.swift; sourceTree = "<group>"; };
		1F7F9B18213C43050025BC42 /* WeeClikProducts.swift */ = {isa = PBXFileReference; lastKnownFileType = sourcecode.swift; path = WeeClikProducts.swift; sourceTree = "<group>"; };
		1F8C4FFD1FB50C3100A28214 /* VideoCell.swift */ = {isa = PBXFileReference; lastKnownFileType = sourcecode.swift; path = VideoCell.swift; sourceTree = "<group>"; };
		1F9AA80D1F99697900D56AC5 /* FormTextField.swift */ = {isa = PBXFileReference; lastKnownFileType = sourcecode.swift; path = FormTextField.swift; sourceTree = "<group>"; };
		1FA4732A1F1EE7E400D2A306 /* WeeClik.app */ = {isa = PBXFileReference; explicitFileType = wrapper.application; includeInIndex = 0; path = WeeClik.app; sourceTree = BUILT_PRODUCTS_DIR; };
		1FA4732D1F1EE7E400D2A306 /* AppDelegate.swift */ = {isa = PBXFileReference; lastKnownFileType = sourcecode.swift; path = AppDelegate.swift; sourceTree = "<group>"; };
		1FA473321F1EE7E400D2A306 /* Base */ = {isa = PBXFileReference; lastKnownFileType = file.storyboard; name = Base; path = Base.lproj/Main.storyboard; sourceTree = "<group>"; };
		1FA473341F1EE7E400D2A306 /* Assets.xcassets */ = {isa = PBXFileReference; lastKnownFileType = folder.assetcatalog; path = Assets.xcassets; sourceTree = "<group>"; };
		1FA473371F1EE7E400D2A306 /* Base */ = {isa = PBXFileReference; lastKnownFileType = file.storyboard; name = Base; path = Base.lproj/LaunchScreen.storyboard; sourceTree = "<group>"; };
		1FA473391F1EE7E400D2A306 /* Info.plist */ = {isa = PBXFileReference; lastKnownFileType = text.plist.xml; path = Info.plist; sourceTree = "<group>"; };
		1FA53BBD1F34F78B00DEDEA1 /* InformationGeneralCell.swift */ = {isa = PBXFileReference; fileEncoding = 4; lastKnownFileType = sourcecode.swift; path = InformationGeneralCell.swift; sourceTree = "<group>"; };
		1FA53BBF1F34F7AB00DEDEA1 /* PromotionsCell.swift */ = {isa = PBXFileReference; fileEncoding = 4; lastKnownFileType = sourcecode.swift; path = PromotionsCell.swift; sourceTree = "<group>"; };
		1FA53BC11F34F7BC00DEDEA1 /* DescriptionCell.swift */ = {isa = PBXFileReference; fileEncoding = 4; lastKnownFileType = sourcecode.swift; path = DescriptionCell.swift; sourceTree = "<group>"; };
		1FA9BFD61F269CB2004D5F4C /* OpenSans-Bold.ttf */ = {isa = PBXFileReference; lastKnownFileType = file; path = "OpenSans-Bold.ttf"; sourceTree = "<group>"; };
		1FA9BFD71F269CB2004D5F4C /* OpenSans-BoldItalic.ttf */ = {isa = PBXFileReference; lastKnownFileType = file; path = "OpenSans-BoldItalic.ttf"; sourceTree = "<group>"; };
		1FA9BFD81F269CB2004D5F4C /* OpenSans-ExtraBold.ttf */ = {isa = PBXFileReference; lastKnownFileType = file; path = "OpenSans-ExtraBold.ttf"; sourceTree = "<group>"; };
		1FA9BFD91F269CB2004D5F4C /* OpenSans-ExtraBoldItalic.ttf */ = {isa = PBXFileReference; lastKnownFileType = file; path = "OpenSans-ExtraBoldItalic.ttf"; sourceTree = "<group>"; };
		1FA9BFDA1F269CB2004D5F4C /* OpenSans-Italic.ttf */ = {isa = PBXFileReference; lastKnownFileType = file; path = "OpenSans-Italic.ttf"; sourceTree = "<group>"; };
		1FA9BFDB1F269CB2004D5F4C /* OpenSans-Light.ttf */ = {isa = PBXFileReference; lastKnownFileType = file; path = "OpenSans-Light.ttf"; sourceTree = "<group>"; };
		1FA9BFDC1F269CB2004D5F4C /* OpenSans-LightItalic.ttf */ = {isa = PBXFileReference; lastKnownFileType = file; path = "OpenSans-LightItalic.ttf"; sourceTree = "<group>"; };
		1FA9BFDD1F269CB2004D5F4C /* OpenSans-Regular.ttf */ = {isa = PBXFileReference; lastKnownFileType = file; path = "OpenSans-Regular.ttf"; sourceTree = "<group>"; };
		1FA9BFDE1F269CB2004D5F4C /* OpenSans-Semibold.ttf */ = {isa = PBXFileReference; lastKnownFileType = file; path = "OpenSans-Semibold.ttf"; sourceTree = "<group>"; };
		1FA9BFDF1F269CB2004D5F4C /* OpenSans-SemiboldItalic.ttf */ = {isa = PBXFileReference; lastKnownFileType = file; path = "OpenSans-SemiboldItalic.ttf"; sourceTree = "<group>"; };
		1FA9BFEA1F269E26004D5F4C /* SystemConfiguration.framework */ = {isa = PBXFileReference; lastKnownFileType = wrapper.framework; name = SystemConfiguration.framework; path = System/Library/Frameworks/SystemConfiguration.framework; sourceTree = SDKROOT; };
		1FA9BFEC1F269E51004D5F4C /* MobileCoreServices.framework */ = {isa = PBXFileReference; lastKnownFileType = wrapper.framework; name = MobileCoreServices.framework; path = System/Library/Frameworks/MobileCoreServices.framework; sourceTree = SDKROOT; };
		1FBB63A4211F16BD00BCB480 /* StoreKit.framework */ = {isa = PBXFileReference; lastKnownFileType = wrapper.framework; name = StoreKit.framework; path = System/Library/Frameworks/StoreKit.framework; sourceTree = SDKROOT; };
		1FCDF66D2117592B00B605BC /* ParseUploadPhotosAndVideos.swift */ = {isa = PBXFileReference; lastKnownFileType = sourcecode.swift; path = ParseUploadPhotosAndVideos.swift; sourceTree = "<group>"; };
		1FCE0161209F20C20040F988 /* GoogleService-Info.plist */ = {isa = PBXFileReference; fileEncoding = 4; lastKnownFileType = text.plist.xml; path = "GoogleService-Info.plist"; sourceTree = "<group>"; };
		1FCED3921FABA78700392060 /* ChangeInfosVC.swift */ = {isa = PBXFileReference; lastKnownFileType = sourcecode.swift; path = ChangeInfosVC.swift; sourceTree = "<group>"; };
		1FCED3941FABA9A200392060 /* MotDePasseVC.swift */ = {isa = PBXFileReference; lastKnownFileType = sourcecode.swift; path = MotDePasseVC.swift; sourceTree = "<group>"; };
		1FD6F56A20728F0300EC9DF3 /* GeoHelper.swift */ = {isa = PBXFileReference; lastKnownFileType = sourcecode.swift; path = GeoHelper.swift; sourceTree = "<group>"; };
		1FD6F56C20729A5100EC9DF3 /* Extensions.swift */ = {isa = PBXFileReference; lastKnownFileType = sourcecode.swift; path = Extensions.swift; sourceTree = "<group>"; };
		1FD9BED521136D44008AA1FC /* BackendDetailCommerceVC.swift */ = {isa = PBXFileReference; lastKnownFileType = sourcecode.swift; path = BackendDetailCommerceVC.swift; sourceTree = "<group>"; };
		1FDDB8962118B40A00B7EC33 /* PaymentTableViewCell.swift */ = {isa = PBXFileReference; lastKnownFileType = sourcecode.swift; path = PaymentTableViewCell.swift; sourceTree = "<group>"; };
		1FEBF45D1F254F3D00146525 /* BebasNeue Bold.ttf */ = {isa = PBXFileReference; lastKnownFileType = file; path = "BebasNeue Bold.ttf"; sourceTree = "<group>"; };
		1FEBF45E1F254F3D00146525 /* BebasNeue Book.ttf */ = {isa = PBXFileReference; lastKnownFileType = file; path = "BebasNeue Book.ttf"; sourceTree = "<group>"; };
		1FEBF45F1F254F3D00146525 /* BebasNeue Light.ttf */ = {isa = PBXFileReference; lastKnownFileType = file; path = "BebasNeue Light.ttf"; sourceTree = "<group>"; };
		1FEBF4601F254F3D00146525 /* BebasNeue Regular.ttf */ = {isa = PBXFileReference; lastKnownFileType = file; path = "BebasNeue Regular.ttf"; sourceTree = "<group>"; };
		1FEBF4611F254F3D00146525 /* BebasNeue Thin.ttf */ = {isa = PBXFileReference; lastKnownFileType = file; path = "BebasNeue Thin.ttf"; sourceTree = "<group>"; };
		1FEE37451F9118AF00E1D1A7 /* BulletinDataSource.swift */ = {isa = PBXFileReference; lastKnownFileType = sourcecode.swift; path = BulletinDataSource.swift; sourceTree = "<group>"; };
		1FEE37461F9118AF00E1D1A7 /* BackgroundStyles.swift */ = {isa = PBXFileReference; lastKnownFileType = sourcecode.swift; path = BackgroundStyles.swift; sourceTree = "<group>"; };
		3705CA064060D18F8C9870D3 /* Pods-WeeClik.debug.xcconfig */ = {isa = PBXFileReference; includeInIndex = 1; lastKnownFileType = text.xcconfig; name = "Pods-WeeClik.debug.xcconfig"; path = "Pods/Target Support Files/Pods-WeeClik/Pods-WeeClik.debug.xcconfig"; sourceTree = "<group>"; };
		39DF47B9FC73D7DAA225BB87 /* Pods-WeeClik.release.xcconfig */ = {isa = PBXFileReference; includeInIndex = 1; lastKnownFileType = text.xcconfig; name = "Pods-WeeClik.release.xcconfig"; path = "Pods/Target Support Files/Pods-WeeClik/Pods-WeeClik.release.xcconfig"; sourceTree = "<group>"; };
		C3DFC488946196A9030F0213 /* Pods_WeeClik.framework */ = {isa = PBXFileReference; explicitFileType = wrapper.framework; includeInIndex = 0; path = Pods_WeeClik.framework; sourceTree = BUILT_PRODUCTS_DIR; };
/* End PBXFileReference section */

/* Begin PBXFrameworksBuildPhase section */
		1FA473271F1EE7E400D2A306 /* Frameworks */ = {
			isa = PBXFrameworksBuildPhase;
			buildActionMask = 2147483647;
			files = (
				1FA9BFED1F269E51004D5F4C /* MobileCoreServices.framework in Frameworks */,
				1F3E8ECC1F2E427300565356 /* SystemConfiguration.framework in Frameworks */,
				788E3A22531FFFF44C80E285 /* Pods_WeeClik.framework in Frameworks */,
				1FBB63A5211F16BD00BCB480 /* StoreKit.framework in Frameworks */,
			);
			runOnlyForDeploymentPostprocessing = 0;
		};
/* End PBXFrameworksBuildPhase section */

/* Begin PBXGroup section */
		1F0857061F2D672B00932929 /* Models */ = {
			isa = PBXGroup;
			children = (
				1F071A3420DEFEB5007AE1ED /* Commerce.swift */,
				1F7F9B18213C43050025BC42 /* WeeClikProducts.swift */,
				1FCDF66D2117592B00B605BC /* ParseUploadPhotosAndVideos.swift */,
				1F744EB11F9023EE00B892FD /* UserAccount.swift */,
			);
			name = Models;
			sourceTree = "<group>";
		};
		1F0857071F2D675500932929 /* Cells */ = {
			isa = PBXGroup;
			children = (
				1F047778214407C400B20CA5 /* PaymentCell.swift */,
				1F047779214407C400B20CA5 /* PaymentCell.xib */,
				1F236C6D204F780D00571EA7 /* AccueilCollectionViewCell.swift */,
				1F236C6E204F780D00571EA7 /* AccueilCollectionViewCell.xib */,
				1F5DE54B1FAFCEEB000C4E57 /* AjoutPhotoTVC.swift */,
				1F5E931A204724E4009AACA1 /* GridFlowLayout.swift */,
				1F5AD2F51FAF898C0048FFE2 /* NouveauCommerceCell.swift */,
				1F5DE54D1FB10AE0000C4E57 /* PhotoCell.swift */,
				1FA53BBD1F34F78B00DEDEA1 /* InformationGeneralCell.swift */,
				1FA53BBF1F34F7AB00DEDEA1 /* PromotionsCell.swift */,
				1FA53BC11F34F7BC00DEDEA1 /* DescriptionCell.swift */,
				1F7331D92052BA4300582A7B /* PhotosVideosCollectionCell.swift */,
				1F7331DA2052BA4300582A7B /* PhotosVideosCollectionCell.xib */,
			);
			name = Cells;
			sourceTree = "<group>";
		};
		1F0857081F2D676900932929 /* Helper and Secrets */ = {
			isa = PBXGroup;
			children = (
				1F0E0B79212468420048D95B /* InAppPurchaseHandler.swift */,
				1F7DF88B1F21F26E005B780A /* HelperAndKeys.swift */,
				1FD6F56A20728F0300EC9DF3 /* GeoHelper.swift */,
				1FD6F56C20729A5100EC9DF3 /* Extensions.swift */,
			);
			name = "Helper and Secrets";
			sourceTree = "<group>";
		};
		1F27628D2114BBB700779342 /* En cours */ = {
			isa = PBXGroup;
			children = (
				1F04777E21440E7000B20CA5 /* ChoixTarifsTBVCTableViewController.swift */,
				1F0477762141BA7300B20CA5 /* ChoixTarifsVC.swift */,
				1F04777C214407DE00B20CA5 /* XibView.swift */,
				1F2C05102132F564002B86AB /* PaymentCollectionViewCell.swift */,
				1F0E0B7D212482590048D95B /* ChoixAbonnmentsVC.swift */,
				1FDDB8962118B40A00B7EC33 /* PaymentTableViewCell.swift */,
				1F0BBCA51FAE4C3700D91026 /* AjoutCommerceVC.swift */,
				1F403B091F9B9B2D00884E52 /* MonCompteVC.swift */,
			);
			path = "En cours";
			sourceTree = "<group>";
		};
		1F2762902116EDDF00779342 /* Storyboards */ = {
			isa = PBXGroup;
			children = (
				1FA473311F1EE7E400D2A306 /* Main.storyboard */,
				1FA473361F1EE7E400D2A306 /* LaunchScreen.storyboard */,
			);
			name = Storyboards;
			sourceTree = "<group>";
		};
		1F2762912116EE0100779342 /* Routing */ = {
			isa = PBXGroup;
			children = (
				1F27628E2116E7EA00779342 /* Routers.swift */,
			);
			name = Routing;
			sourceTree = "<group>";
		};
		1F5681E91F2B4FA300B1BAC8 /* Libraries */ = {
			isa = PBXGroup;
			children = (
				1F4D4311202AC4E10089FB15 /* ShadowView.swift */,
				1F4D430F202AC4D40089FB15 /* ImageScroller.swift */,
				1F9AA80D1F99697900D56AC5 /* FormTextField.swift */,
				1F5681E71F2B4F7900B1BAC8 /* CardView.swift */,
			);
			name = Libraries;
			sourceTree = "<group>";
		};
		1FA473211F1EE7E400D2A306 = {
			isa = PBXGroup;
			children = (
				1FA4732C1F1EE7E400D2A306 /* WeeClik */,
				1FA4732B1F1EE7E400D2A306 /* Products */,
				D4B13352A12466DB4B89E4CC /* Pods */,
				A78D9E77AE6519274A12D367 /* Frameworks */,
			);
			sourceTree = "<group>";
		};
		1FA4732B1F1EE7E400D2A306 /* Products */ = {
			isa = PBXGroup;
			children = (
				1FA4732A1F1EE7E400D2A306 /* WeeClik.app */,
			);
			name = Products;
			sourceTree = "<group>";
		};
		1FA4732C1F1EE7E400D2A306 /* WeeClik */ = {
			isa = PBXGroup;
			children = (
				1F08570D1F2D977600932929 /* UserLocation.gpx */,
				1FA4732D1F1EE7E400D2A306 /* AppDelegate.swift */,
				1F2762912116EE0100779342 /* Routing */,
				1F7DF8891F21ED3E005B780A /* AccueilCommerces.swift */,
				1F0857091F2D8D8200932929 /* DetailCommerceViewController.swift */,
				1F7331D32052702400582A7B /* DetailGalleryVC.swift */,
				1F6C1C571F6E08750075584E /* ProcessInscriptionVC.swift */,
				1F11129F1F72BB9E001D0C61 /* SaisieDeDonneesVC.swift */,
				1F2762902116EDDF00779342 /* Storyboards */,
				1F27628D2114BBB700779342 /* En cours */,
				1F392F7A1FBA00050021D76E /* DescriptionAndPromotionsTVCell.swift */,
				1F392F781FB9E88C0021D76E /* SelectionCategorieTVCell.swift */,
				1F8C4FFD1FB50C3100A28214 /* VideoCell.swift */,
				1FD9BED521136D44008AA1FC /* BackendDetailCommerceVC.swift */,
				1FCED3921FABA78700392060 /* ChangeInfosVC.swift */,
				1FCED3941FABA9A200392060 /* MotDePasseVC.swift */,
				1FA473341F1EE7E400D2A306 /* Assets.xcassets */,
				1FA473391F1EE7E400D2A306 /* Info.plist */,
				1FCE0161209F20C20040F988 /* GoogleService-Info.plist */,
				1FEE37421F91187C00E1D1A7 /* BulletinItems */,
				1F5681E91F2B4FA300B1BAC8 /* Libraries */,
				1FEBF4671F254F4500146525 /* Fonts */,
				1F0857061F2D672B00932929 /* Models */,
				1F0857071F2D675500932929 /* Cells */,
				1F0857081F2D676900932929 /* Helper and Secrets */,
			);
			path = WeeClik;
			sourceTree = "<group>";
		};
		1FEBF4671F254F4500146525 /* Fonts */ = {
			isa = PBXGroup;
			children = (
				1F08570B1F2D960400932929 /* Pacifico.ttf */,
				1FA9BFD61F269CB2004D5F4C /* OpenSans-Bold.ttf */,
				1FA9BFD71F269CB2004D5F4C /* OpenSans-BoldItalic.ttf */,
				1FA9BFD81F269CB2004D5F4C /* OpenSans-ExtraBold.ttf */,
				1FA9BFD91F269CB2004D5F4C /* OpenSans-ExtraBoldItalic.ttf */,
				1FA9BFDA1F269CB2004D5F4C /* OpenSans-Italic.ttf */,
				1FA9BFDB1F269CB2004D5F4C /* OpenSans-Light.ttf */,
				1FA9BFDC1F269CB2004D5F4C /* OpenSans-LightItalic.ttf */,
				1FA9BFDD1F269CB2004D5F4C /* OpenSans-Regular.ttf */,
				1FA9BFDE1F269CB2004D5F4C /* OpenSans-Semibold.ttf */,
				1FA9BFDF1F269CB2004D5F4C /* OpenSans-SemiboldItalic.ttf */,
				1FEBF45D1F254F3D00146525 /* BebasNeue Bold.ttf */,
				1FEBF45E1F254F3D00146525 /* BebasNeue Book.ttf */,
				1FEBF45F1F254F3D00146525 /* BebasNeue Light.ttf */,
				1FEBF4601F254F3D00146525 /* BebasNeue Regular.ttf */,
				1FEBF4611F254F3D00146525 /* BebasNeue Thin.ttf */,
			);
			name = Fonts;
			sourceTree = "<group>";
		};
		1FEE37421F91187C00E1D1A7 /* BulletinItems */ = {
			isa = PBXGroup;
			children = (
				1FEE37461F9118AF00E1D1A7 /* BackgroundStyles.swift */,
				1FEE37451F9118AF00E1D1A7 /* BulletinDataSource.swift */,
			);
			name = BulletinItems;
			sourceTree = "<group>";
		};
		A78D9E77AE6519274A12D367 /* Frameworks */ = {
			isa = PBXGroup;
			children = (
				1FBB63A4211F16BD00BCB480 /* StoreKit.framework */,
				1FA9BFEC1F269E51004D5F4C /* MobileCoreServices.framework */,
				1FA9BFEA1F269E26004D5F4C /* SystemConfiguration.framework */,
				C3DFC488946196A9030F0213 /* Pods_WeeClik.framework */,
			);
			name = Frameworks;
			sourceTree = "<group>";
		};
		D4B13352A12466DB4B89E4CC /* Pods */ = {
			isa = PBXGroup;
			children = (
				3705CA064060D18F8C9870D3 /* Pods-WeeClik.debug.xcconfig */,
				39DF47B9FC73D7DAA225BB87 /* Pods-WeeClik.release.xcconfig */,
			);
			name = Pods;
			sourceTree = "<group>";
		};
/* End PBXGroup section */

/* Begin PBXNativeTarget section */
		1FA473291F1EE7E400D2A306 /* WeeClik */ = {
			isa = PBXNativeTarget;
			buildConfigurationList = 1FA4733C1F1EE7E400D2A306 /* Build configuration list for PBXNativeTarget "WeeClik" */;
			buildPhases = (
				EABDEA5EE38056C8856DD69F /* [CP] Check Pods Manifest.lock */,
				1FA473261F1EE7E400D2A306 /* Sources */,
				1FA473271F1EE7E400D2A306 /* Frameworks */,
				1FA473281F1EE7E400D2A306 /* Resources */,
				ABB2F46D4928E3EAC1AA08A9 /* [CP] Embed Pods Frameworks */,
				1FD2F819209F2A7A004D11D5 /* Fabric Script */,
				1F7ADB1620DEF4B900916AB8 /* Embed Frameworks */,
			);
			buildRules = (
			);
			dependencies = (
			);
			name = WeeClik;
			productName = WeeClik;
			productReference = 1FA4732A1F1EE7E400D2A306 /* WeeClik.app */;
			productType = "com.apple.product-type.application";
		};
/* End PBXNativeTarget section */

/* Begin PBXProject section */
		1FA473221F1EE7E400D2A306 /* Project object */ = {
			isa = PBXProject;
			attributes = {
				LastSwiftUpdateCheck = 0830;
				LastUpgradeCheck = 0930;
				ORGANIZATIONNAME = "Herrick Wolber";
				TargetAttributes = {
					1FA473291F1EE7E400D2A306 = {
						CreatedOnToolsVersion = 8.3.3;
						DevelopmentTeam = X776XA45RM;
						LastSwiftMigration = 0900;
						ProvisioningStyle = Automatic;
						SystemCapabilities = {
							com.apple.InAppPurchase = {
								enabled = 1;
							};
						};
					};
				};
			};
			buildConfigurationList = 1FA473251F1EE7E400D2A306 /* Build configuration list for PBXProject "WeeClik" */;
			compatibilityVersion = "Xcode 3.2";
			developmentRegion = English;
			hasScannedForEncodings = 0;
			knownRegions = (
				Base,
			);
			mainGroup = 1FA473211F1EE7E400D2A306;
			productRefGroup = 1FA4732B1F1EE7E400D2A306 /* Products */;
			projectDirPath = "";
			projectRoot = "";
			targets = (
				1FA473291F1EE7E400D2A306 /* WeeClik */,
			);
		};
/* End PBXProject section */

/* Begin PBXResourcesBuildPhase section */
		1FA473281F1EE7E400D2A306 /* Resources */ = {
			isa = PBXResourcesBuildPhase;
			buildActionMask = 2147483647;
			files = (
				1FEBF4631F254F3D00146525 /* BebasNeue Book.ttf in Resources */,
				1F08570E1F2D977600932929 /* UserLocation.gpx in Resources */,
				1F7331DC2052BA4300582A7B /* PhotosVideosCollectionCell.xib in Resources */,
				1FA9BFE21F269CB2004D5F4C /* OpenSans-ExtraBold.ttf in Resources */,
				1FA9BFE51F269CB2004D5F4C /* OpenSans-Light.ttf in Resources */,
				1F236C70204F780D00571EA7 /* AccueilCollectionViewCell.xib in Resources */,
				1F08570C1F2D960400932929 /* Pacifico.ttf in Resources */,
				1FA473381F1EE7E400D2A306 /* LaunchScreen.storyboard in Resources */,
				1FEBF4621F254F3D00146525 /* BebasNeue Bold.ttf in Resources */,
				1FA9BFE41F269CB2004D5F4C /* OpenSans-Italic.ttf in Resources */,
				1FA9BFE71F269CB2004D5F4C /* OpenSans-Regular.ttf in Resources */,
				1FEBF4661F254F3D00146525 /* BebasNeue Thin.ttf in Resources */,
				1FA9BFE11F269CB2004D5F4C /* OpenSans-BoldItalic.ttf in Resources */,
				1FEBF4651F254F3D00146525 /* BebasNeue Regular.ttf in Resources */,
				1F04777B214407C400B20CA5 /* PaymentCell.xib in Resources */,
				1FA9BFE91F269CB2004D5F4C /* OpenSans-SemiboldItalic.ttf in Resources */,
				1FA9BFE31F269CB2004D5F4C /* OpenSans-ExtraBoldItalic.ttf in Resources */,
				1FA9BFE01F269CB2004D5F4C /* OpenSans-Bold.ttf in Resources */,
				1FA473351F1EE7E400D2A306 /* Assets.xcassets in Resources */,
				1FA473331F1EE7E400D2A306 /* Main.storyboard in Resources */,
				1FCE0162209F20C20040F988 /* GoogleService-Info.plist in Resources */,
				1FEBF4641F254F3D00146525 /* BebasNeue Light.ttf in Resources */,
				1FA9BFE61F269CB2004D5F4C /* OpenSans-LightItalic.ttf in Resources */,
				1FA9BFE81F269CB2004D5F4C /* OpenSans-Semibold.ttf in Resources */,
			);
			runOnlyForDeploymentPostprocessing = 0;
		};
/* End PBXResourcesBuildPhase section */

/* Begin PBXShellScriptBuildPhase section */
		1FD2F819209F2A7A004D11D5 /* Fabric Script */ = {
			isa = PBXShellScriptBuildPhase;
			buildActionMask = 2147483647;
			files = (
			);
			inputPaths = (
			);
			name = "Fabric Script";
			outputPaths = (
			);
			runOnlyForDeploymentPostprocessing = 0;
			shellPath = /bin/sh;
			shellScript = "\"${PODS_ROOT}/Fabric/run\" b7f8a28941b68b9e1c65160a232b11078a3a1260 4ba7673d13cf9a9c8845d6d683d569b05ad498467fe93d56034d0f67d59b75dd";
		};
		ABB2F46D4928E3EAC1AA08A9 /* [CP] Embed Pods Frameworks */ = {
			isa = PBXShellScriptBuildPhase;
			buildActionMask = 2147483647;
			files = (
			);
			inputPaths = (
				"${SRCROOT}/Pods/Target Support Files/Pods-WeeClik/Pods-WeeClik-frameworks.sh",
				"${BUILT_PRODUCTS_DIR}/AABlurAlertController/AABlurAlertController.framework",
				"${BUILT_PRODUCTS_DIR}/ASJExpandableTextView/ASJExpandableTextView.framework",
				"${BUILT_PRODUCTS_DIR}/AZDialogView/AZDialogView.framework",
				"${BUILT_PRODUCTS_DIR}/Alamofire/Alamofire.framework",
				"${BUILT_PRODUCTS_DIR}/AsyncSwift/Async.framework",
				"${BUILT_PRODUCTS_DIR}/Avatar/Avatar.framework",
				"${BUILT_PRODUCTS_DIR}/Bolts/Bolts.framework",
				"${BUILT_PRODUCTS_DIR}/BulletinBoard/BulletinBoard.framework",
				"${BUILT_PRODUCTS_DIR}/CRNetworkButton/CRNetworkButton.framework",
				"${BUILT_PRODUCTS_DIR}/CRNotifications/CRNotifications.framework",
				"${BUILT_PRODUCTS_DIR}/Compass/Compass.framework",
				"${BUILT_PRODUCTS_DIR}/Compose/Compose.framework",
				"${BUILT_PRODUCTS_DIR}/DZNEmptyDataSet/DZNEmptyDataSet.framework",
				"${BUILT_PRODUCTS_DIR}/DropDownMenuKit/DropDownMenuKit.framework",
				"${BUILT_PRODUCTS_DIR}/FBSDKCoreKit/FBSDKCoreKit.framework",
				"${BUILT_PRODUCTS_DIR}/FBSDKLoginKit/FBSDKLoginKit.framework",
				"${BUILT_PRODUCTS_DIR}/FBSDKShareKit/FBSDKShareKit.framework",
				"${BUILT_PRODUCTS_DIR}/FaceAware/FaceAware.framework",
				"${BUILT_PRODUCTS_DIR}/Floaty/Floaty.framework",
				"${BUILT_PRODUCTS_DIR}/Font-Awesome-Swift/Font_Awesome_Swift.framework",
				"${BUILT_PRODUCTS_DIR}/FormSheetTextView/FormSheetTextView.framework",
				"${BUILT_PRODUCTS_DIR}/Gallery/Gallery.framework",
				"${BUILT_PRODUCTS_DIR}/GoogleToolboxForMac/GoogleToolboxForMac.framework",
				"${BUILT_PRODUCTS_DIR}/HWAlertsPickers/HWAlertsPickers.framework",
				"${BUILT_PRODUCTS_DIR}/Hue/Hue.framework",
				"${BUILT_PRODUCTS_DIR}/KJNavigationViewAnimation/KJNavigationViewAnimation.framework",
				"${BUILT_PRODUCTS_DIR}/KRLCollectionViewGridLayout/KRLCollectionViewGridLayout.framework",
				"${BUILT_PRODUCTS_DIR}/LGButton/LGButton.framework",
				"${BUILT_PRODUCTS_DIR}/Material/Material.framework",
				"${BUILT_PRODUCTS_DIR}/Motion/Motion.framework",
				"${BUILT_PRODUCTS_DIR}/ObjectMapper/ObjectMapper.framework",
				"${BUILT_PRODUCTS_DIR}/Parse/Parse.framework",
				"${BUILT_PRODUCTS_DIR}/RAReorderableLayout/RAReorderableLayout.framework",
				"${BUILT_PRODUCTS_DIR}/RMGradientView/RMGradientView.framework",
				"${BUILT_PRODUCTS_DIR}/SDWebImage/SDWebImage.framework",
				"${BUILT_PRODUCTS_DIR}/STLocationRequest/STLocationRequest.framework",
				"${BUILT_PRODUCTS_DIR}/SVProgressHUD/SVProgressHUD.framework",
				"${BUILT_PRODUCTS_DIR}/Sparrow/Sparrow.framework",
				"${BUILT_PRODUCTS_DIR}/SwiftDate/SwiftDate.framework",
				"${BUILT_PRODUCTS_DIR}/SwiftMailgun/SwiftMailgun.framework",
				"${BUILT_PRODUCTS_DIR}/SwiftMessages/SwiftMessages.framework",
				"${BUILT_PRODUCTS_DIR}/TLPhotoPicker/TLPhotoPicker.framework",
				"${BUILT_PRODUCTS_DIR}/TPKeyboardAvoiding/TPKeyboardAvoiding.framework",
				"${BUILT_PRODUCTS_DIR}/ZKCarousel/ZKCarousel.framework",
				"${BUILT_PRODUCTS_DIR}/Zingle/Zingle.framework",
				"${BUILT_PRODUCTS_DIR}/nanopb/nanopb.framework",
			);
			name = "[CP] Embed Pods Frameworks";
			outputPaths = (
				"${TARGET_BUILD_DIR}/${FRAMEWORKS_FOLDER_PATH}/AABlurAlertController.framework",
				"${TARGET_BUILD_DIR}/${FRAMEWORKS_FOLDER_PATH}/ASJExpandableTextView.framework",
				"${TARGET_BUILD_DIR}/${FRAMEWORKS_FOLDER_PATH}/AZDialogView.framework",
				"${TARGET_BUILD_DIR}/${FRAMEWORKS_FOLDER_PATH}/Alamofire.framework",
				"${TARGET_BUILD_DIR}/${FRAMEWORKS_FOLDER_PATH}/Async.framework",
				"${TARGET_BUILD_DIR}/${FRAMEWORKS_FOLDER_PATH}/Avatar.framework",
				"${TARGET_BUILD_DIR}/${FRAMEWORKS_FOLDER_PATH}/Bolts.framework",
				"${TARGET_BUILD_DIR}/${FRAMEWORKS_FOLDER_PATH}/BulletinBoard.framework",
				"${TARGET_BUILD_DIR}/${FRAMEWORKS_FOLDER_PATH}/CRNetworkButton.framework",
				"${TARGET_BUILD_DIR}/${FRAMEWORKS_FOLDER_PATH}/CRNotifications.framework",
				"${TARGET_BUILD_DIR}/${FRAMEWORKS_FOLDER_PATH}/Compass.framework",
				"${TARGET_BUILD_DIR}/${FRAMEWORKS_FOLDER_PATH}/Compose.framework",
				"${TARGET_BUILD_DIR}/${FRAMEWORKS_FOLDER_PATH}/DZNEmptyDataSet.framework",
				"${TARGET_BUILD_DIR}/${FRAMEWORKS_FOLDER_PATH}/DropDownMenuKit.framework",
				"${TARGET_BUILD_DIR}/${FRAMEWORKS_FOLDER_PATH}/FBSDKCoreKit.framework",
				"${TARGET_BUILD_DIR}/${FRAMEWORKS_FOLDER_PATH}/FBSDKLoginKit.framework",
				"${TARGET_BUILD_DIR}/${FRAMEWORKS_FOLDER_PATH}/FBSDKShareKit.framework",
				"${TARGET_BUILD_DIR}/${FRAMEWORKS_FOLDER_PATH}/FaceAware.framework",
				"${TARGET_BUILD_DIR}/${FRAMEWORKS_FOLDER_PATH}/Floaty.framework",
				"${TARGET_BUILD_DIR}/${FRAMEWORKS_FOLDER_PATH}/Font_Awesome_Swift.framework",
				"${TARGET_BUILD_DIR}/${FRAMEWORKS_FOLDER_PATH}/FormSheetTextView.framework",
				"${TARGET_BUILD_DIR}/${FRAMEWORKS_FOLDER_PATH}/Gallery.framework",
				"${TARGET_BUILD_DIR}/${FRAMEWORKS_FOLDER_PATH}/GoogleToolboxForMac.framework",
				"${TARGET_BUILD_DIR}/${FRAMEWORKS_FOLDER_PATH}/HWAlertsPickers.framework",
				"${TARGET_BUILD_DIR}/${FRAMEWORKS_FOLDER_PATH}/Hue.framework",
				"${TARGET_BUILD_DIR}/${FRAMEWORKS_FOLDER_PATH}/KJNavigationViewAnimation.framework",
				"${TARGET_BUILD_DIR}/${FRAMEWORKS_FOLDER_PATH}/KRLCollectionViewGridLayout.framework",
				"${TARGET_BUILD_DIR}/${FRAMEWORKS_FOLDER_PATH}/LGButton.framework",
				"${TARGET_BUILD_DIR}/${FRAMEWORKS_FOLDER_PATH}/Material.framework",
				"${TARGET_BUILD_DIR}/${FRAMEWORKS_FOLDER_PATH}/Motion.framework",
				"${TARGET_BUILD_DIR}/${FRAMEWORKS_FOLDER_PATH}/ObjectMapper.framework",
				"${TARGET_BUILD_DIR}/${FRAMEWORKS_FOLDER_PATH}/Parse.framework",
				"${TARGET_BUILD_DIR}/${FRAMEWORKS_FOLDER_PATH}/RAReorderableLayout.framework",
				"${TARGET_BUILD_DIR}/${FRAMEWORKS_FOLDER_PATH}/RMGradientView.framework",
				"${TARGET_BUILD_DIR}/${FRAMEWORKS_FOLDER_PATH}/SDWebImage.framework",
				"${TARGET_BUILD_DIR}/${FRAMEWORKS_FOLDER_PATH}/STLocationRequest.framework",
				"${TARGET_BUILD_DIR}/${FRAMEWORKS_FOLDER_PATH}/SVProgressHUD.framework",
				"${TARGET_BUILD_DIR}/${FRAMEWORKS_FOLDER_PATH}/Sparrow.framework",
				"${TARGET_BUILD_DIR}/${FRAMEWORKS_FOLDER_PATH}/SwiftDate.framework",
				"${TARGET_BUILD_DIR}/${FRAMEWORKS_FOLDER_PATH}/SwiftMailgun.framework",
				"${TARGET_BUILD_DIR}/${FRAMEWORKS_FOLDER_PATH}/SwiftMessages.framework",
				"${TARGET_BUILD_DIR}/${FRAMEWORKS_FOLDER_PATH}/TLPhotoPicker.framework",
				"${TARGET_BUILD_DIR}/${FRAMEWORKS_FOLDER_PATH}/TPKeyboardAvoiding.framework",
				"${TARGET_BUILD_DIR}/${FRAMEWORKS_FOLDER_PATH}/ZKCarousel.framework",
				"${TARGET_BUILD_DIR}/${FRAMEWORKS_FOLDER_PATH}/Zingle.framework",
				"${TARGET_BUILD_DIR}/${FRAMEWORKS_FOLDER_PATH}/nanopb.framework",
			);
			runOnlyForDeploymentPostprocessing = 0;
			shellPath = /bin/sh;
			shellScript = "\"${SRCROOT}/Pods/Target Support Files/Pods-WeeClik/Pods-WeeClik-frameworks.sh\"\n";
			showEnvVarsInLog = 0;
		};
		EABDEA5EE38056C8856DD69F /* [CP] Check Pods Manifest.lock */ = {
			isa = PBXShellScriptBuildPhase;
			buildActionMask = 2147483647;
			files = (
			);
			inputPaths = (
				"${PODS_PODFILE_DIR_PATH}/Podfile.lock",
				"${PODS_ROOT}/Manifest.lock",
			);
			name = "[CP] Check Pods Manifest.lock";
			outputPaths = (
				"$(DERIVED_FILE_DIR)/Pods-WeeClik-checkManifestLockResult.txt",
			);
			runOnlyForDeploymentPostprocessing = 0;
			shellPath = /bin/sh;
			shellScript = "diff \"${PODS_PODFILE_DIR_PATH}/Podfile.lock\" \"${PODS_ROOT}/Manifest.lock\" > /dev/null\nif [ $? != 0 ] ; then\n    # print error to STDERR\n    echo \"error: The sandbox is not in sync with the Podfile.lock. Run 'pod install' or update your CocoaPods installation.\" >&2\n    exit 1\nfi\n# This output is used by Xcode 'outputs' to avoid re-running this script phase.\necho \"SUCCESS\" > \"${SCRIPT_OUTPUT_FILE_0}\"\n";
			showEnvVarsInLog = 0;
		};
/* End PBXShellScriptBuildPhase section */

/* Begin PBXSourcesBuildPhase section */
		1FA473261F1EE7E400D2A306 /* Sources */ = {
			isa = PBXSourcesBuildPhase;
			buildActionMask = 2147483647;
			files = (
				1F7331DB2052BA4300582A7B /* PhotosVideosCollectionCell.swift in Sources */,
				1FEE37491F911A5B00E1D1A7 /* BulletinDataSource.swift in Sources */,
				1FDDB8972118B40A00B7EC33 /* PaymentTableViewCell.swift in Sources */,
				1F236C6F204F780D00571EA7 /* AccueilCollectionViewCell.swift in Sources */,
				1F4D4310202AC4D40089FB15 /* ImageScroller.swift in Sources */,
				1FD9BED621136D44008AA1FC /* BackendDetailCommerceVC.swift in Sources */,
				1F2C05112132F564002B86AB /* PaymentCollectionViewCell.swift in Sources */,
				1F1112A01F72BB9E001D0C61 /* SaisieDeDonneesVC.swift in Sources */,
				1F08570A1F2D8D8300932929 /* DetailCommerceViewController.swift in Sources */,
				1FA53BC01F34F7AB00DEDEA1 /* PromotionsCell.swift in Sources */,
				1F071A3520DEFEB5007AE1ED /* Commerce.swift in Sources */,
				1F04777D214407DE00B20CA5 /* XibView.swift in Sources */,
				1FCED3931FABA78700392060 /* ChangeInfosVC.swift in Sources */,
				1FCED3951FABA9A200392060 /* MotDePasseVC.swift in Sources */,
				1F7331D42052702400582A7B /* DetailGalleryVC.swift in Sources */,
				1F4D4312202AC4E10089FB15 /* ShadowView.swift in Sources */,
				1F744EB21F9023EE00B892FD /* UserAccount.swift in Sources */,
				1F7F9B19213C43050025BC42 /* WeeClikProducts.swift in Sources */,
				1F5E931B204724E4009AACA1 /* GridFlowLayout.swift in Sources */,
				1F04777A214407C400B20CA5 /* PaymentCell.swift in Sources */,
				1F5DE54C1FAFCEEB000C4E57 /* AjoutPhotoTVC.swift in Sources */,
				1F403B0A1F9B9B2D00884E52 /* MonCompteVC.swift in Sources */,
				1FA53BC21F34F7BC00DEDEA1 /* DescriptionCell.swift in Sources */,
				1FD6F56B20728F0300EC9DF3 /* GeoHelper.swift in Sources */,
				1FA53BBE1F34F78B00DEDEA1 /* InformationGeneralCell.swift in Sources */,
				1F8C4FFE1FB50C3100A28214 /* VideoCell.swift in Sources */,
				1F7DF88A1F21ED3E005B780A /* AccueilCommerces.swift in Sources */,
				1F9AA80E1F99697900D56AC5 /* FormTextField.swift in Sources */,
				1F0BBCA61FAE4C3700D91026 /* AjoutCommerceVC.swift in Sources */,
				1F04777F21440E7000B20CA5 /* ChoixTarifsTBVCTableViewController.swift in Sources */,
				1FA4732E1F1EE7E400D2A306 /* AppDelegate.swift in Sources */,
				1F392F7B1FBA00050021D76E /* DescriptionAndPromotionsTVCell.swift in Sources */,
				1F0E0B7A212468420048D95B /* InAppPurchaseHandler.swift in Sources */,
				1F7DF88C1F21F26E005B780A /* HelperAndKeys.swift in Sources */,
				1F0E0B7E212482590048D95B /* ChoixAbonnmentsVC.swift in Sources */,
				1F6C1C581F6E08750075584E /* ProcessInscriptionVC.swift in Sources */,
				1F27628F2116E7EA00779342 /* Routers.swift in Sources */,
				1FD6F56D20729A5100EC9DF3 /* Extensions.swift in Sources */,
				1FCDF66E2117592B00B605BC /* ParseUploadPhotosAndVideos.swift in Sources */,
				1F392F791FB9E88C0021D76E /* SelectionCategorieTVCell.swift in Sources */,
				1F5AD2F61FAF898C0048FFE2 /* NouveauCommerceCell.swift in Sources */,
				1F0477772141BA7300B20CA5 /* ChoixTarifsVC.swift in Sources */,
				1F5DE54E1FB10AE0000C4E57 /* PhotoCell.swift in Sources */,
				1F5681E81F2B4F7900B1BAC8 /* CardView.swift in Sources */,
			);
			runOnlyForDeploymentPostprocessing = 0;
		};
/* End PBXSourcesBuildPhase section */

/* Begin PBXVariantGroup section */
		1FA473311F1EE7E400D2A306 /* Main.storyboard */ = {
			isa = PBXVariantGroup;
			children = (
				1FA473321F1EE7E400D2A306 /* Base */,
				1F5CCDFC1FC8937F00C86446 /* fr */,
			);
			name = Main.storyboard;
			sourceTree = "<group>";
		};
		1FA473361F1EE7E400D2A306 /* LaunchScreen.storyboard */ = {
			isa = PBXVariantGroup;
			children = (
				1FA473371F1EE7E400D2A306 /* Base */,
				1F5CCDFA1FC892D200C86446 /* fr */,
			);
			name = LaunchScreen.storyboard;
			sourceTree = "<group>";
		};
/* End PBXVariantGroup section */

/* Begin XCBuildConfiguration section */
		1FA4733A1F1EE7E400D2A306 /* Debug */ = {
			isa = XCBuildConfiguration;
			buildSettings = {
				ALWAYS_SEARCH_USER_PATHS = NO;
				CLANG_ANALYZER_LOCALIZABILITY_NONLOCALIZED = YES;
				CLANG_ANALYZER_NONNULL = YES;
				CLANG_ANALYZER_NUMBER_OBJECT_CONVERSION = YES_AGGRESSIVE;
				CLANG_CXX_LANGUAGE_STANDARD = "gnu++0x";
				CLANG_CXX_LIBRARY = "libc++";
				CLANG_ENABLE_MODULES = YES;
				CLANG_ENABLE_OBJC_ARC = YES;
				CLANG_WARN_BLOCK_CAPTURE_AUTORELEASING = YES;
				CLANG_WARN_BOOL_CONVERSION = YES;
				CLANG_WARN_COMMA = YES;
				CLANG_WARN_CONSTANT_CONVERSION = YES;
				CLANG_WARN_DEPRECATED_OBJC_IMPLEMENTATIONS = YES;
				CLANG_WARN_DIRECT_OBJC_ISA_USAGE = YES_ERROR;
				CLANG_WARN_DOCUMENTATION_COMMENTS = YES;
				CLANG_WARN_EMPTY_BODY = YES;
				CLANG_WARN_ENUM_CONVERSION = YES;
				CLANG_WARN_INFINITE_RECURSION = YES;
				CLANG_WARN_INT_CONVERSION = YES;
				CLANG_WARN_NON_LITERAL_NULL_CONVERSION = YES;
				CLANG_WARN_OBJC_IMPLICIT_RETAIN_SELF = YES;
				CLANG_WARN_OBJC_LITERAL_CONVERSION = YES;
				CLANG_WARN_OBJC_ROOT_CLASS = YES_ERROR;
				CLANG_WARN_RANGE_LOOP_ANALYSIS = YES;
				CLANG_WARN_STRICT_PROTOTYPES = YES;
				CLANG_WARN_SUSPICIOUS_MOVE = YES;
				CLANG_WARN_UNREACHABLE_CODE = YES;
				CLANG_WARN__DUPLICATE_METHOD_MATCH = YES;
				"CODE_SIGN_IDENTITY[sdk=iphoneos*]" = "iPhone Developer";
				COPY_PHASE_STRIP = NO;
				DEBUG_INFORMATION_FORMAT = dwarf;
				ENABLE_STRICT_OBJC_MSGSEND = YES;
				ENABLE_TESTABILITY = YES;
				GCC_C_LANGUAGE_STANDARD = gnu99;
				GCC_DYNAMIC_NO_PIC = NO;
				GCC_NO_COMMON_BLOCKS = YES;
				GCC_OPTIMIZATION_LEVEL = 0;
				GCC_PREPROCESSOR_DEFINITIONS = (
					"DEBUG=1",
					"$(inherited)",
				);
				GCC_WARN_64_TO_32_BIT_CONVERSION = YES;
				GCC_WARN_ABOUT_RETURN_TYPE = YES_ERROR;
				GCC_WARN_UNDECLARED_SELECTOR = YES;
				GCC_WARN_UNINITIALIZED_AUTOS = YES_AGGRESSIVE;
				GCC_WARN_UNUSED_FUNCTION = YES;
				GCC_WARN_UNUSED_VARIABLE = YES;
				IPHONEOS_DEPLOYMENT_TARGET = 10.3;
				MTL_ENABLE_DEBUG_INFO = YES;
				ONLY_ACTIVE_ARCH = YES;
				SDKROOT = iphoneos;
				SWIFT_ACTIVE_COMPILATION_CONDITIONS = DEBUG;
				SWIFT_OPTIMIZATION_LEVEL = "-Onone";
				TARGETED_DEVICE_FAMILY = "1,2";
			};
			name = Debug;
		};
		1FA4733B1F1EE7E400D2A306 /* Release */ = {
			isa = XCBuildConfiguration;
			buildSettings = {
				ALWAYS_SEARCH_USER_PATHS = NO;
				CLANG_ANALYZER_LOCALIZABILITY_NONLOCALIZED = YES;
				CLANG_ANALYZER_NONNULL = YES;
				CLANG_ANALYZER_NUMBER_OBJECT_CONVERSION = YES_AGGRESSIVE;
				CLANG_CXX_LANGUAGE_STANDARD = "gnu++0x";
				CLANG_CXX_LIBRARY = "libc++";
				CLANG_ENABLE_MODULES = YES;
				CLANG_ENABLE_OBJC_ARC = YES;
				CLANG_WARN_BLOCK_CAPTURE_AUTORELEASING = YES;
				CLANG_WARN_BOOL_CONVERSION = YES;
				CLANG_WARN_COMMA = YES;
				CLANG_WARN_CONSTANT_CONVERSION = YES;
				CLANG_WARN_DEPRECATED_OBJC_IMPLEMENTATIONS = YES;
				CLANG_WARN_DIRECT_OBJC_ISA_USAGE = YES_ERROR;
				CLANG_WARN_DOCUMENTATION_COMMENTS = YES;
				CLANG_WARN_EMPTY_BODY = YES;
				CLANG_WARN_ENUM_CONVERSION = YES;
				CLANG_WARN_INFINITE_RECURSION = YES;
				CLANG_WARN_INT_CONVERSION = YES;
				CLANG_WARN_NON_LITERAL_NULL_CONVERSION = YES;
				CLANG_WARN_OBJC_IMPLICIT_RETAIN_SELF = YES;
				CLANG_WARN_OBJC_LITERAL_CONVERSION = YES;
				CLANG_WARN_OBJC_ROOT_CLASS = YES_ERROR;
				CLANG_WARN_RANGE_LOOP_ANALYSIS = YES;
				CLANG_WARN_STRICT_PROTOTYPES = YES;
				CLANG_WARN_SUSPICIOUS_MOVE = YES;
				CLANG_WARN_UNREACHABLE_CODE = YES;
				CLANG_WARN__DUPLICATE_METHOD_MATCH = YES;
				"CODE_SIGN_IDENTITY[sdk=iphoneos*]" = "iPhone Developer";
				COPY_PHASE_STRIP = NO;
				DEBUG_INFORMATION_FORMAT = "dwarf-with-dsym";
				ENABLE_NS_ASSERTIONS = NO;
				ENABLE_STRICT_OBJC_MSGSEND = YES;
				GCC_C_LANGUAGE_STANDARD = gnu99;
				GCC_NO_COMMON_BLOCKS = YES;
				GCC_WARN_64_TO_32_BIT_CONVERSION = YES;
				GCC_WARN_ABOUT_RETURN_TYPE = YES_ERROR;
				GCC_WARN_UNDECLARED_SELECTOR = YES;
				GCC_WARN_UNINITIALIZED_AUTOS = YES_AGGRESSIVE;
				GCC_WARN_UNUSED_FUNCTION = YES;
				GCC_WARN_UNUSED_VARIABLE = YES;
				IPHONEOS_DEPLOYMENT_TARGET = 10.3;
				MTL_ENABLE_DEBUG_INFO = NO;
				SDKROOT = iphoneos;
				SWIFT_OPTIMIZATION_LEVEL = "-Owholemodule";
				TARGETED_DEVICE_FAMILY = "1,2";
				VALIDATE_PRODUCT = YES;
			};
			name = Release;
		};
		1FA4733D1F1EE7E400D2A306 /* Debug */ = {
			isa = XCBuildConfiguration;
			baseConfigurationReference = 3705CA064060D18F8C9870D3 /* Pods-WeeClik.debug.xcconfig */;
			buildSettings = {
				ASSETCATALOG_COMPILER_APPICON_NAME = AppIcon;
				CODE_SIGN_IDENTITY = "iPhone Developer";
				DEBUG_INFORMATION_FORMAT = "dwarf-with-dsym";
				DEVELOPMENT_TEAM = X776XA45RM;
				INFOPLIST_FILE = WeeClik/Info.plist;
				IPHONEOS_DEPLOYMENT_TARGET = 10.0;
				LD_RUNPATH_SEARCH_PATHS = "$(inherited) @executable_path/Frameworks";
				PRODUCT_BUNDLE_IDENTIFIER = "fr.herrick-wolber.WeeClik";
				PRODUCT_NAME = "$(TARGET_NAME)";
				SWIFT_SWIFT3_OBJC_INFERENCE = On;
				SWIFT_VERSION = 4.0;
				TARGETED_DEVICE_FAMILY = 1;
			};
			name = Debug;
		};
		1FA4733E1F1EE7E400D2A306 /* Release */ = {
			isa = XCBuildConfiguration;
			baseConfigurationReference = 39DF47B9FC73D7DAA225BB87 /* Pods-WeeClik.release.xcconfig */;
			buildSettings = {
				ASSETCATALOG_COMPILER_APPICON_NAME = AppIcon;
				CODE_SIGN_IDENTITY = "iPhone Developer";
				DEVELOPMENT_TEAM = X776XA45RM;
				INFOPLIST_FILE = WeeClik/Info.plist;
				IPHONEOS_DEPLOYMENT_TARGET = 10.0;
				LD_RUNPATH_SEARCH_PATHS = "$(inherited) @executable_path/Frameworks";
				PRODUCT_BUNDLE_IDENTIFIER = "fr.herrick-wolber.WeeClik";
				PRODUCT_NAME = "$(TARGET_NAME)";
				SWIFT_SWIFT3_OBJC_INFERENCE = On;
				SWIFT_VERSION = 4.0;
				TARGETED_DEVICE_FAMILY = 1;
			};
			name = Release;
		};
/* End XCBuildConfiguration section */

/* Begin XCConfigurationList section */
		1FA473251F1EE7E400D2A306 /* Build configuration list for PBXProject "WeeClik" */ = {
			isa = XCConfigurationList;
			buildConfigurations = (
				1FA4733A1F1EE7E400D2A306 /* Debug */,
				1FA4733B1F1EE7E400D2A306 /* Release */,
			);
			defaultConfigurationIsVisible = 0;
			defaultConfigurationName = Release;
		};
		1FA4733C1F1EE7E400D2A306 /* Build configuration list for PBXNativeTarget "WeeClik" */ = {
			isa = XCConfigurationList;
			buildConfigurations = (
				1FA4733D1F1EE7E400D2A306 /* Debug */,
				1FA4733E1F1EE7E400D2A306 /* Release */,
			);
			defaultConfigurationIsVisible = 0;
			defaultConfigurationName = Release;
		};
/* End XCConfigurationList section */
	};
	rootObject = 1FA473221F1EE7E400D2A306 /* Project object */;
}
